
Microsoft Visual Studio Solution File, Format Version 12.00
# Visual Studio Version 16
VisualStudioVersion = 16.0.29009.5
MinimumVisualStudioVersion = 10.0.40219.1
Project("{FAE04EC0-301F-11D3-BF4B-00C04F79EFBC}") = "TOZAN-Client", "TOZAN-Client.csproj", "{20898608-070C-4749-8411-E84739DC28D5}"
EndProject
Global
	GlobalSection(SolutionConfigurationPlatforms) = preSolution
		Debug|Any CPU = Debug|Any CPU
		Release|Any CPU = Release|Any CPU
	EndGlobalSection
	GlobalSection(ProjectConfigurationPlatforms) = postSolution
		{20898608-070C-4749-8411-E84739DC28D5}.Debug|Any CPU.ActiveCfg = Debug|Any CPU
		{20898608-070C-4749-8411-E84739DC28D5}.Debug|Any CPU.Build.0 = Debug|Any CPU
		{20898608-070C-4749-8411-E84739DC28D5}.Release|Any CPU.ActiveCfg = Release|Any CPU
		{20898608-070C-4749-8411-E84739DC28D5}.Release|Any CPU.Build.0 = Release|Any CPU
	EndGlobalSection
	GlobalSection(SolutionProperties) = preSolution
		HideSolutionNode = FALSE
	EndGlobalSection
	GlobalSection(ExtensibilityGlobals) = postSolution
		SolutionGuid = {4D3DFC27-A7AF-4B04-8DA6-53365BBE9EC5}
	EndGlobalSection
EndGlobal
